
Microsoft Visual Studio Solution File, Format Version 12.00
# Visual Studio 15
VisualStudioVersion = 15.0.27428.2015
MinimumVisualStudioVersion = 10.0.40219.1
Project("{FAE04EC0-301F-11D3-BF4B-00C04F79EFBC}") = "ExemploDictionary", "ExemploDictionary\ExemploDictionary.csproj", "{0B545BFE-51DF-4EB8-9CF5-CC28EB089B4E}"
EndProject
Global
	GlobalSection(SolutionConfigurationPlatforms) = preSolution
		Debug|Any CPU = Debug|Any CPU
		Release|Any CPU = Release|Any CPU
	EndGlobalSection
	GlobalSection(ProjectConfigurationPlatforms) = postSolution
		{0B545BFE-51DF-4EB8-9CF5-CC28EB089B4E}.Debug|Any CPU.ActiveCfg = Debug|Any CPU
		{0B545BFE-51DF-4EB8-9CF5-CC28EB089B4E}.Debug|Any CPU.Build.0 = Debug|Any CPU
		{0B545BFE-51DF-4EB8-9CF5-CC28EB089B4E}.Release|Any CPU.ActiveCfg = Release|Any CPU
		{0B545BFE-51DF-4EB8-9CF5-CC28EB089B4E}.Release|Any CPU.Build.0 = Release|Any CPU
	EndGlobalSection
	GlobalSection(SolutionProperties) = preSolution
		HideSolutionNode = FALSE
	EndGlobalSection
	GlobalSection(ExtensibilityGlobals) = postSolution
		SolutionGuid = {96A4B7B0-7A53-4DDE-8A04-02D578C300F8}
	EndGlobalSection
EndGlobal
